
Microsoft Visual Studio Solution File, Format Version 12.00
# Visual Studio 15
VisualStudioVersion = 15.0.27703.2026
MinimumVisualStudioVersion = 10.0.40219.1
Project("{FAE04EC0-301F-11D3-BF4B-00C04F79EFBC}") = "MobileShop", "MobileShop\MobileShop.csproj", "{FFC9D6A2-2FFB-4864-A5A8-0F26984103D1}"
EndProject
Global
	GlobalSection(SolutionConfigurationPlatforms) = preSolution
		Debug|Any CPU = Debug|Any CPU
		Release|Any CPU = Release|Any CPU
	EndGlobalSection
	GlobalSection(ProjectConfigurationPlatforms) = postSolution
		{FFC9D6A2-2FFB-4864-A5A8-0F26984103D1}.Debug|Any CPU.ActiveCfg = Debug|Any CPU
		{FFC9D6A2-2FFB-4864-A5A8-0F26984103D1}.Debug|Any CPU.Build.0 = Debug|Any CPU
		{FFC9D6A2-2FFB-4864-A5A8-0F26984103D1}.Release|Any CPU.ActiveCfg = Release|Any CPU
		{FFC9D6A2-2FFB-4864-A5A8-0F26984103D1}.Release|Any CPU.Build.0 = Release|Any CPU
	EndGlobalSection
	GlobalSection(SolutionProperties) = preSolution
		HideSolutionNode = FALSE
	EndGlobalSection
	GlobalSection(ExtensibilityGlobals) = postSolution
		SolutionGuid = {C3D26068-0C6E-4B0D-B8AA-BDA56675C398}
	EndGlobalSection
EndGlobal
